
Microsoft Visual Studio Solution File, Format Version 12.00
# Visual Studio Version 16
VisualStudioVersion = 16.0.29324.140
MinimumVisualStudioVersion = 10.0.40219.1
Project("{FAE04EC0-301F-11D3-BF4B-00C04F79EFBC}") = "FinalCalendar", "FinalCalendar\FinalCalendar.csproj", "{7B976876-585F-49E9-9625-59F81B00BBE2}"
EndProject
Global
	GlobalSection(SolutionConfigurationPlatforms) = preSolution
		Debug|Any CPU = Debug|Any CPU
		Release|Any CPU = Release|Any CPU
	EndGlobalSection
	GlobalSection(ProjectConfigurationPlatforms) = postSolution
		{7B976876-585F-49E9-9625-59F81B00BBE2}.Debug|Any CPU.ActiveCfg = Debug|Any CPU
		{7B976876-585F-49E9-9625-59F81B00BBE2}.Debug|Any CPU.Build.0 = Debug|Any CPU
		{7B976876-585F-49E9-9625-59F81B00BBE2}.Release|Any CPU.ActiveCfg = Release|Any CPU
		{7B976876-585F-49E9-9625-59F81B00BBE2}.Release|Any CPU.Build.0 = Release|Any CPU
	EndGlobalSection
	GlobalSection(SolutionProperties) = preSolution
		HideSolutionNode = FALSE
	EndGlobalSection
	GlobalSection(ExtensibilityGlobals) = postSolution
		SolutionGuid = {36E2B241-4D2C-46E4-A707-BE8EE57A3063}
	EndGlobalSection
EndGlobal
